// !$*UTF8*$!
{
	archiveVersion = 1;
	classes = {
	};
	objectVersion = 46;
	objects = {

/* Begin PBXBuildFile section */
		8B2F77431C81ACA500AF9020 /* AppDelegate.swift in Sources */ = {isa = PBXBuildFile; fileRef = 8B2F77421C81ACA500AF9020 /* AppDelegate.swift */; };
		8B2F77451C81ACA500AF9020 /* ViewController.swift in Sources */ = {isa = PBXBuildFile; fileRef = 8B2F77441C81ACA500AF9020 /* ViewController.swift */; };
		8B2F77481C81ACA500AF9020 /* Main.storyboard in Resources */ = {isa = PBXBuildFile; fileRef = 8B2F77461C81ACA500AF9020 /* Main.storyboard */; };
		8B2F774A1C81ACA500AF9020 /* Assets.xcassets in Resources */ = {isa = PBXBuildFile; fileRef = 8B2F77491C81ACA500AF9020 /* Assets.xcassets */; };
		8B2F774D1C81ACA500AF9020 /* LaunchScreen.storyboard in Resources */ = {isa = PBXBuildFile; fileRef = 8B2F774B1C81ACA500AF9020 /* LaunchScreen.storyboard */; };
		8B2F77581C81ACA500AF9020 /* miauthTests.swift in Sources */ = {isa = PBXBuildFile; fileRef = 8B2F77571C81ACA500AF9020 /* miauthTests.swift */; };
		8B2F77631C81B5A100AF9020 /* .gitignore in Resources */ = {isa = PBXBuildFile; fileRef = 8B2F77621C81B5A100AF9020 /* .gitignore */; };
		8B38EA231C81B7D70084B705 /* CloudKit.framework in Frameworks */ = {isa = PBXBuildFile; fileRef = 8B38EA221C81B7D70084B705 /* CloudKit.framework */; };
		8B4C9D461C821BB200DF5FF6 /* ExtAuthClient.swift in Sources */ = {isa = PBXBuildFile; fileRef = 8B4C9D451C821BB200DF5FF6 /* ExtAuthClient.swift */; };
		8B4C9D471C821BB700DF5FF6 /* ExtAuthClient.swift in Sources */ = {isa = PBXBuildFile; fileRef = 8B4C9D451C821BB200DF5FF6 /* ExtAuthClient.swift */; };
		8B4C9D491C821CDB00DF5FF6 /* ExtAuthManager.swift in Sources */ = {isa = PBXBuildFile; fileRef = 8B4C9D481C821CDB00DF5FF6 /* ExtAuthManager.swift */; };
		8B4C9D4A1C821CDB00DF5FF6 /* ExtAuthManager.swift in Sources */ = {isa = PBXBuildFile; fileRef = 8B4C9D481C821CDB00DF5FF6 /* ExtAuthManager.swift */; };
		8B4C9D4C1C821F9200DF5FF6 /* ExtAuthClientGoogle.swift in Sources */ = {isa = PBXBuildFile; fileRef = 8B4C9D4B1C821F9200DF5FF6 /* ExtAuthClientGoogle.swift */; };
		8B4C9D4D1C821F9200DF5FF6 /* ExtAuthClientGoogle.swift in Sources */ = {isa = PBXBuildFile; fileRef = 8B4C9D4B1C821F9200DF5FF6 /* ExtAuthClientGoogle.swift */; };
		8B4C9D4F1C821FDE00DF5FF6 /* ExtAuthClientICloud.swift in Sources */ = {isa = PBXBuildFile; fileRef = 8B4C9D4E1C821FDE00DF5FF6 /* ExtAuthClientICloud.swift */; };
		8B4C9D501C821FDE00DF5FF6 /* ExtAuthClientICloud.swift in Sources */ = {isa = PBXBuildFile; fileRef = 8B4C9D4E1C821FDE00DF5FF6 /* ExtAuthClientICloud.swift */; };
		8B4C9D531C822A0A00DF5FF6 /* GoogleService-Info_TEMPLATE.plist in Resources */ = {isa = PBXBuildFile; fileRef = 8B4C9D511C822A0A00DF5FF6 /* GoogleService-Info_TEMPLATE.plist */; };
		8B4C9D561C822A0A00DF5FF6 /* GoogleService-Info.plist in Resources */ = {isa = PBXBuildFile; fileRef = 8B4C9D521C822A0A00DF5FF6 /* GoogleService-Info.plist */; };
		8B4C9D571C822A1600DF5FF6 /* GoogleService-Info.plist in Resources */ = {isa = PBXBuildFile; fileRef = 8B4C9D521C822A0A00DF5FF6 /* GoogleService-Info.plist */; };
		8BCCEAFE1C81BE19004B6170 /* PinPadViewController.swift in Sources */ = {isa = PBXBuildFile; fileRef = 8BCCEAFD1C81BE19004B6170 /* PinPadViewController.swift */; };
		A6E8973754E63DBC955EE729 /* Pods_miauth.framework in Frameworks */ = {isa = PBXBuildFile; fileRef = D23DE78326EFD168740442AC /* Pods_miauth.framework */; };
/* End PBXBuildFile section */

/* Begin PBXContainerItemProxy section */
		8B2F77541C81ACA500AF9020 /* PBXContainerItemProxy */ = {
			isa = PBXContainerItemProxy;
			containerPortal = 8B2F77371C81ACA400AF9020 /* Project object */;
			proxyType = 1;
			remoteGlobalIDString = 8B2F773E1C81ACA500AF9020;
			remoteInfo = miauth;
		};
/* End PBXContainerItemProxy section */

/* Begin PBXFileReference section */
		8B2F773F1C81ACA500AF9020 /* miAuth.app */ = {isa = PBXFileReference; explicitFileType = wrapper.application; includeInIndex = 0; path = miAuth.app; sourceTree = BUILT_PRODUCTS_DIR; };
		8B2F77421C81ACA500AF9020 /* AppDelegate.swift */ = {isa = PBXFileReference; lastKnownFileType = sourcecode.swift; path = AppDelegate.swift; sourceTree = "<group>"; };
		8B2F77441C81ACA500AF9020 /* ViewController.swift */ = {isa = PBXFileReference; lastKnownFileType = sourcecode.swift; path = ViewController.swift; sourceTree = "<group>"; };
		8B2F77471C81ACA500AF9020 /* Base */ = {isa = PBXFileReference; lastKnownFileType = file.storyboard; name = Base; path = Base.lproj/Main.storyboard; sourceTree = "<group>"; };
		8B2F77491C81ACA500AF9020 /* Assets.xcassets */ = {isa = PBXFileReference; lastKnownFileType = folder.assetcatalog; path = Assets.xcassets; sourceTree = "<group>"; };
		8B2F774C1C81ACA500AF9020 /* Base */ = {isa = PBXFileReference; lastKnownFileType = file.storyboard; name = Base; path = Base.lproj/LaunchScreen.storyboard; sourceTree = "<group>"; };
		8B2F774E1C81ACA500AF9020 /* Info.plist */ = {isa = PBXFileReference; lastKnownFileType = text.plist.xml; path = Info.plist; sourceTree = "<group>"; };
		8B2F77531C81ACA500AF9020 /* miAuthTests.xctest */ = {isa = PBXFileReference; explicitFileType = wrapper.cfbundle; includeInIndex = 0; path = miAuthTests.xctest; sourceTree = BUILT_PRODUCTS_DIR; };
		8B2F77571C81ACA500AF9020 /* miauthTests.swift */ = {isa = PBXFileReference; lastKnownFileType = sourcecode.swift; path = miauthTests.swift; sourceTree = "<group>"; };
		8B2F77591C81ACA500AF9020 /* Info.plist */ = {isa = PBXFileReference; lastKnownFileType = text.plist.xml; path = Info.plist; sourceTree = "<group>"; };
		8B2F77621C81B5A100AF9020 /* .gitignore */ = {isa = PBXFileReference; fileEncoding = 4; lastKnownFileType = text; path = .gitignore; sourceTree = "<group>"; };
		8B38EA211C81B7D40084B705 /* miauth.entitlements */ = {isa = PBXFileReference; lastKnownFileType = text.xml; path = miauth.entitlements; sourceTree = "<group>"; };
		8B38EA221C81B7D70084B705 /* CloudKit.framework */ = {isa = PBXFileReference; lastKnownFileType = wrapper.framework; name = CloudKit.framework; path = System/Library/Frameworks/CloudKit.framework; sourceTree = SDKROOT; };
		8B4C9D451C821BB200DF5FF6 /* ExtAuthClient.swift */ = {isa = PBXFileReference; fileEncoding = 4; lastKnownFileType = sourcecode.swift; path = ExtAuthClient.swift; sourceTree = "<group>"; };
		8B4C9D481C821CDB00DF5FF6 /* ExtAuthManager.swift */ = {isa = PBXFileReference; fileEncoding = 4; lastKnownFileType = sourcecode.swift; path = ExtAuthManager.swift; sourceTree = "<group>"; };
		8B4C9D4B1C821F9200DF5FF6 /* ExtAuthClientGoogle.swift */ = {isa = PBXFileReference; fileEncoding = 4; lastKnownFileType = sourcecode.swift; path = ExtAuthClientGoogle.swift; sourceTree = "<group>"; };
		8B4C9D4E1C821FDE00DF5FF6 /* ExtAuthClientICloud.swift */ = {isa = PBXFileReference; fileEncoding = 4; lastKnownFileType = sourcecode.swift; path = ExtAuthClientICloud.swift; sourceTree = "<group>"; };
		8B4C9D511C822A0A00DF5FF6 /* GoogleService-Info_TEMPLATE.plist */ = {isa = PBXFileReference; fileEncoding = 4; lastKnownFileType = text.plist.xml; path = "GoogleService-Info_TEMPLATE.plist"; sourceTree = SOURCE_ROOT; };
		8B4C9D521C822A0A00DF5FF6 /* GoogleService-Info.plist */ = {isa = PBXFileReference; fileEncoding = 4; lastKnownFileType = text.plist.xml; path = "GoogleService-Info.plist"; sourceTree = SOURCE_ROOT; };
		8BCCEAFD1C81BE19004B6170 /* PinPadViewController.swift */ = {isa = PBXFileReference; fileEncoding = 4; lastKnownFileType = sourcecode.swift; path = PinPadViewController.swift; sourceTree = "<group>"; };
		BC0670FAA87C9D0CB679E577 /* Pods-miauth.release.xcconfig */ = {isa = PBXFileReference; includeInIndex = 1; lastKnownFileType = text.xcconfig; name = "Pods-miauth.release.xcconfig"; path = "Pods/Target Support Files/Pods-miauth/Pods-miauth.release.xcconfig"; sourceTree = "<group>"; };
		D01C203A9CEF8A32D2C3371F /* Pods-miauth.debug.xcconfig */ = {isa = PBXFileReference; includeInIndex = 1; lastKnownFileType = text.xcconfig; name = "Pods-miauth.debug.xcconfig"; path = "Pods/Target Support Files/Pods-miauth/Pods-miauth.debug.xcconfig"; sourceTree = "<group>"; };
		D23DE78326EFD168740442AC /* Pods_miauth.framework */ = {isa = PBXFileReference; explicitFileType = wrapper.framework; includeInIndex = 0; path = Pods_miauth.framework; sourceTree = BUILT_PRODUCTS_DIR; };
/* End PBXFileReference section */

/* Begin PBXFrameworksBuildPhase section */
		8B2F773C1C81ACA500AF9020 /* Frameworks */ = {
			isa = PBXFrameworksBuildPhase;
			buildActionMask = 2147483647;
			files = (
				A6E8973754E63DBC955EE729 /* Pods_miauth.framework in Frameworks */,
				8B38EA231C81B7D70084B705 /* CloudKit.framework in Frameworks */,
			);
			runOnlyForDeploymentPostprocessing = 0;
		};
		8B2F77501C81ACA500AF9020 /* Frameworks */ = {
			isa = PBXFrameworksBuildPhase;
			buildActionMask = 2147483647;
			files = (
			);
			runOnlyForDeploymentPostprocessing = 0;
		};
/* End PBXFrameworksBuildPhase section */

/* Begin PBXGroup section */
		6090754FA5AE3E6F500384A2 /* Frameworks */ = {
			isa = PBXGroup;
			children = (
				8B38EA221C81B7D70084B705 /* CloudKit.framework */,
				D23DE78326EFD168740442AC /* Pods_miauth.framework */,
			);
			name = Frameworks;
			sourceTree = "<group>";
		};
		8B2F77361C81ACA400AF9020 = {
			isa = PBXGroup;
			children = (
				8B2F77411C81ACA500AF9020 /* miauth */,
				8B2F77561C81ACA500AF9020 /* miauthTests */,
				8B2F77401C81ACA500AF9020 /* Products */,
				9B22B6D2CE9A214FCB6147E2 /* Pods */,
				6090754FA5AE3E6F500384A2 /* Frameworks */,
			);
			sourceTree = "<group>";
		};
		8B2F77401C81ACA500AF9020 /* Products */ = {
			isa = PBXGroup;
			children = (
				8B2F773F1C81ACA500AF9020 /* miAuth.app */,
				8B2F77531C81ACA500AF9020 /* miAuthTests.xctest */,
			);
			name = Products;
			sourceTree = "<group>";
		};
		8B2F77411C81ACA500AF9020 /* miauth */ = {
			isa = PBXGroup;
			children = (
				8B38EA211C81B7D40084B705 /* miauth.entitlements */,
				8B2F77421C81ACA500AF9020 /* AppDelegate.swift */,
				8B2F77441C81ACA500AF9020 /* ViewController.swift */,
				8BCCEAFD1C81BE19004B6170 /* PinPadViewController.swift */,
				8B4C9D451C821BB200DF5FF6 /* ExtAuthClient.swift */,
				8B4C9D4B1C821F9200DF5FF6 /* ExtAuthClientGoogle.swift */,
				8B4C9D4E1C821FDE00DF5FF6 /* ExtAuthClientICloud.swift */,
				8B4C9D481C821CDB00DF5FF6 /* ExtAuthManager.swift */,
				8B2F77461C81ACA500AF9020 /* Main.storyboard */,
				8B4C9D511C822A0A00DF5FF6 /* GoogleService-Info_TEMPLATE.plist */,
				8B4C9D521C822A0A00DF5FF6 /* GoogleService-Info.plist */,
				8B2F77491C81ACA500AF9020 /* Assets.xcassets */,
				8B2F774B1C81ACA500AF9020 /* LaunchScreen.storyboard */,
				8B2F774E1C81ACA500AF9020 /* Info.plist */,
				8B2F77621C81B5A100AF9020 /* .gitignore */,
			);
			path = miauth;
			sourceTree = "<group>";
		};
		8B2F77561C81ACA500AF9020 /* miauthTests */ = {
			isa = PBXGroup;
			children = (
				8B2F77571C81ACA500AF9020 /* miauthTests.swift */,
				8B2F77591C81ACA500AF9020 /* Info.plist */,
			);
			path = miauthTests;
			sourceTree = "<group>";
		};
		9B22B6D2CE9A214FCB6147E2 /* Pods */ = {
			isa = PBXGroup;
			children = (
				D01C203A9CEF8A32D2C3371F /* Pods-miauth.debug.xcconfig */,
				BC0670FAA87C9D0CB679E577 /* Pods-miauth.release.xcconfig */,
			);
			name = Pods;
			sourceTree = "<group>";
		};
/* End PBXGroup section */

/* Begin PBXNativeTarget section */
		8B2F773E1C81ACA500AF9020 /* miAuth */ = {
			isa = PBXNativeTarget;
			buildConfigurationList = 8B2F775C1C81ACA500AF9020 /* Build configuration list for PBXNativeTarget "miAuth" */;
			buildPhases = (
				0D8AD59D72D6481A77AD4D9A /* Check Pods Manifest.lock */,
				8B2F773B1C81ACA500AF9020 /* Sources */,
				8B2F773C1C81ACA500AF9020 /* Frameworks */,
				8B2F773D1C81ACA500AF9020 /* Resources */,
				FB24F2CEF36C39BF9E78C473 /* Embed Pods Frameworks */,
				325AB674423EC38C7AAE6953 /* Copy Pods Resources */,
			);
			buildRules = (
			);
			dependencies = (
			);
			name = miAuth;
			productName = miauth;
			productReference = 8B2F773F1C81ACA500AF9020 /* miAuth.app */;
			productType = "com.apple.product-type.application";
		};
		8B2F77521C81ACA500AF9020 /* miAuthTests */ = {
			isa = PBXNativeTarget;
			buildConfigurationList = 8B2F775F1C81ACA500AF9020 /* Build configuration list for PBXNativeTarget "miAuthTests" */;
			buildPhases = (
				8B2F774F1C81ACA500AF9020 /* Sources */,
				8B2F77501C81ACA500AF9020 /* Frameworks */,
				8B2F77511C81ACA500AF9020 /* Resources */,
			);
			buildRules = (
			);
			dependencies = (
				8B2F77551C81ACA500AF9020 /* PBXTargetDependency */,
			);
			name = miAuthTests;
			productName = miauthTests;
			productReference = 8B2F77531C81ACA500AF9020 /* miAuthTests.xctest */;
			productType = "com.apple.product-type.bundle.unit-test";
		};
/* End PBXNativeTarget section */

/* Begin PBXProject section */
		8B2F77371C81ACA400AF9020 /* Project object */ = {
			isa = PBXProject;
			attributes = {
				LastSwiftUpdateCheck = 0720;
				LastUpgradeCheck = 0720;
				ORGANIZATIONNAME = MIPsoft;
				TargetAttributes = {
					8B2F773E1C81ACA500AF9020 = {
						CreatedOnToolsVersion = 7.2.1;
						DevelopmentTeam = SE69VQ73SR;
						SystemCapabilities = {
							com.apple.iCloud = {
								enabled = 1;
							};
						};
					};
					8B2F77521C81ACA500AF9020 = {
						CreatedOnToolsVersion = 7.2.1;
						TestTargetID = 8B2F773E1C81ACA500AF9020;
					};
				};
			};
			buildConfigurationList = 8B2F773A1C81ACA400AF9020 /* Build configuration list for PBXProject "miauth" */;
			compatibilityVersion = "Xcode 3.2";
			developmentRegion = English;
			hasScannedForEncodings = 0;
			knownRegions = (
				en,
				Base,
			);
			mainGroup = 8B2F77361C81ACA400AF9020;
			productRefGroup = 8B2F77401C81ACA500AF9020 /* Products */;
			projectDirPath = "";
			projectRoot = "";
			targets = (
				8B2F773E1C81ACA500AF9020 /* miAuth */,
				8B2F77521C81ACA500AF9020 /* miAuthTests */,
			);
		};
/* End PBXProject section */

/* Begin PBXResourcesBuildPhase section */
		8B2F773D1C81ACA500AF9020 /* Resources */ = {
			isa = PBXResourcesBuildPhase;
			buildActionMask = 2147483647;
			files = (
				8B2F77631C81B5A100AF9020 /* .gitignore in Resources */,
				8B2F774D1C81ACA500AF9020 /* LaunchScreen.storyboard in Resources */,
				8B2F774A1C81ACA500AF9020 /* Assets.xcassets in Resources */,
				8B4C9D531C822A0A00DF5FF6 /* GoogleService-Info_TEMPLATE.plist in Resources */,
				8B2F77481C81ACA500AF9020 /* Main.storyboard in Resources */,
				8B4C9D571C822A1600DF5FF6 /* GoogleService-Info.plist in Resources */,
			);
			runOnlyForDeploymentPostprocessing = 0;
		};
		8B2F77511C81ACA500AF9020 /* Resources */ = {
			isa = PBXResourcesBuildPhase;
			buildActionMask = 2147483647;
			files = (
				8B4C9D561C822A0A00DF5FF6 /* GoogleService-Info.plist in Resources */,
			);
			runOnlyForDeploymentPostprocessing = 0;
		};
/* End PBXResourcesBuildPhase section */

/* Begin PBXShellScriptBuildPhase section */
		0D8AD59D72D6481A77AD4D9A /* Check Pods Manifest.lock */ = {
			isa = PBXShellScriptBuildPhase;
			buildActionMask = 2147483647;
			files = (
			);
			inputPaths = (
			);
			name = "Check Pods Manifest.lock";
			outputPaths = (
			);
			runOnlyForDeploymentPostprocessing = 0;
			shellPath = /bin/sh;
			shellScript = "diff \"${PODS_ROOT}/../Podfile.lock\" \"${PODS_ROOT}/Manifest.lock\" > /dev/null\nif [[ $? != 0 ]] ; then\n    cat << EOM\nerror: The sandbox is not in sync with the Podfile.lock. Run 'pod install' or update your CocoaPods installation.\nEOM\n    exit 1\nfi\n";
			showEnvVarsInLog = 0;
		};
		325AB674423EC38C7AAE6953 /* Copy Pods Resources */ = {
			isa = PBXShellScriptBuildPhase;
			buildActionMask = 2147483647;
			files = (
			);
			inputPaths = (
			);
			name = "Copy Pods Resources";
			outputPaths = (
			);
			runOnlyForDeploymentPostprocessing = 0;
			shellPath = /bin/sh;
			shellScript = "\"${SRCROOT}/Pods/Target Support Files/Pods-miauth/Pods-miauth-resources.sh\"\n";
			showEnvVarsInLog = 0;
		};
		FB24F2CEF36C39BF9E78C473 /* Embed Pods Frameworks */ = {
			isa = PBXShellScriptBuildPhase;
			buildActionMask = 2147483647;
			files = (
			);
			inputPaths = (
			);
			name = "Embed Pods Frameworks";
			outputPaths = (
			);
			runOnlyForDeploymentPostprocessing = 0;
			shellPath = /bin/sh;
			shellScript = "\"${SRCROOT}/Pods/Target Support Files/Pods-miauth/Pods-miauth-frameworks.sh\"\n";
			showEnvVarsInLog = 0;
		};
/* End PBXShellScriptBuildPhase section */

/* Begin PBXSourcesBuildPhase section */
		8B2F773B1C81ACA500AF9020 /* Sources */ = {
			isa = PBXSourcesBuildPhase;
			buildActionMask = 2147483647;
			files = (
				8BCCEAFE1C81BE19004B6170 /* PinPadViewController.swift in Sources */,
				8B2F77451C81ACA500AF9020 /* ViewController.swift in Sources */,
				8B2F77431C81ACA500AF9020 /* AppDelegate.swift in Sources */,
				8B4C9D491C821CDB00DF5FF6 /* ExtAuthManager.swift in Sources */,
				8B4C9D461C821BB200DF5FF6 /* ExtAuthClient.swift in Sources */,
				8B4C9D4F1C821FDE00DF5FF6 /* ExtAuthClientICloud.swift in Sources */,
				8B4C9D4C1C821F9200DF5FF6 /* ExtAuthClientGoogle.swift in Sources */,
			);
			runOnlyForDeploymentPostprocessing = 0;
		};
		8B2F774F1C81ACA500AF9020 /* Sources */ = {
			isa = PBXSourcesBuildPhase;
			buildActionMask = 2147483647;
			files = (
				8B2F77581C81ACA500AF9020 /* miauthTests.swift in Sources */,
				8B4C9D501C821FDE00DF5FF6 /* ExtAuthClientICloud.swift in Sources */,
				8B4C9D4A1C821CDB00DF5FF6 /* ExtAuthManager.swift in Sources */,
				8B4C9D471C821BB700DF5FF6 /* ExtAuthClient.swift in Sources */,
				8B4C9D4D1C821F9200DF5FF6 /* ExtAuthClientGoogle.swift in Sources */,
			);
			runOnlyForDeploymentPostprocessing = 0;
		};
/* End PBXSourcesBuildPhase section */

/* Begin PBXTargetDependency section */
		8B2F77551C81ACA500AF9020 /* PBXTargetDependency */ = {
			isa = PBXTargetDependency;
			target = 8B2F773E1C81ACA500AF9020 /* miAuth */;
			targetProxy = 8B2F77541C81ACA500AF9020 /* PBXContainerItemProxy */;
		};
/* End PBXTargetDependency section */

/* Begin PBXVariantGroup section */
		8B2F77461C81ACA500AF9020 /* Main.storyboard */ = {
			isa = PBXVariantGroup;
			children = (
				8B2F77471C81ACA500AF9020 /* Base */,
			);
			name = Main.storyboard;
			sourceTree = "<group>";
		};
		8B2F774B1C81ACA500AF9020 /* LaunchScreen.storyboard */ = {
			isa = PBXVariantGroup;
			children = (
				8B2F774C1C81ACA500AF9020 /* Base */,
			);
			name = LaunchScreen.storyboard;
			sourceTree = "<group>";
		};
/* End PBXVariantGroup section */

/* Begin XCBuildConfiguration section */
		8B2F775A1C81ACA500AF9020 /* Debug */ = {
			isa = XCBuildConfiguration;
			buildSettings = {
				ALWAYS_SEARCH_USER_PATHS = NO;
				CLANG_CXX_LANGUAGE_STANDARD = "gnu++0x";
				CLANG_CXX_LIBRARY = "libc++";
				CLANG_ENABLE_MODULES = YES;
				CLANG_ENABLE_OBJC_ARC = YES;
				CLANG_WARN_BOOL_CONVERSION = YES;
				CLANG_WARN_CONSTANT_CONVERSION = YES;
				CLANG_WARN_DIRECT_OBJC_ISA_USAGE = YES_ERROR;
				CLANG_WARN_EMPTY_BODY = YES;
				CLANG_WARN_ENUM_CONVERSION = YES;
				CLANG_WARN_INT_CONVERSION = YES;
				CLANG_WARN_OBJC_ROOT_CLASS = YES_ERROR;
				CLANG_WARN_UNREACHABLE_CODE = YES;
				CLANG_WARN__DUPLICATE_METHOD_MATCH = YES;
				"CODE_SIGN_IDENTITY[sdk=iphoneos*]" = "iPhone Developer";
				COPY_PHASE_STRIP = NO;
				DEBUG_INFORMATION_FORMAT = dwarf;
				ENABLE_STRICT_OBJC_MSGSEND = YES;
				ENABLE_TESTABILITY = YES;
				GCC_C_LANGUAGE_STANDARD = gnu99;
				GCC_DYNAMIC_NO_PIC = NO;
				GCC_NO_COMMON_BLOCKS = YES;
				GCC_OPTIMIZATION_LEVEL = 0;
				GCC_PREPROCESSOR_DEFINITIONS = (
					"DEBUG=1",
					"$(inherited)",
				);
				GCC_WARN_64_TO_32_BIT_CONVERSION = YES;
				GCC_WARN_ABOUT_RETURN_TYPE = YES_ERROR;
				GCC_WARN_UNDECLARED_SELECTOR = YES;
				GCC_WARN_UNINITIALIZED_AUTOS = YES_AGGRESSIVE;
				GCC_WARN_UNUSED_FUNCTION = YES;
				GCC_WARN_UNUSED_VARIABLE = YES;
				IPHONEOS_DEPLOYMENT_TARGET = 9.0;
				MTL_ENABLE_DEBUG_INFO = YES;
				ONLY_ACTIVE_ARCH = YES;
				SDKROOT = iphoneos;
				SWIFT_OPTIMIZATION_LEVEL = "-Onone";
			};
			name = Debug;
		};
		8B2F775B1C81ACA500AF9020 /* Release */ = {
			isa = XCBuildConfiguration;
			buildSettings = {
				ALWAYS_SEARCH_USER_PATHS = NO;
				CLANG_CXX_LANGUAGE_STANDARD = "gnu++0x";
				CLANG_CXX_LIBRARY = "libc++";
				CLANG_ENABLE_MODULES = YES;
				CLANG_ENABLE_OBJC_ARC = YES;
				CLANG_WARN_BOOL_CONVERSION = YES;
				CLANG_WARN_CONSTANT_CONVERSION = YES;
				CLANG_WARN_DIRECT_OBJC_ISA_USAGE = YES_ERROR;
				CLANG_WARN_EMPTY_BODY = YES;
				CLANG_WARN_ENUM_CONVERSION = YES;
				CLANG_WARN_INT_CONVERSION = YES;
				CLANG_WARN_OBJC_ROOT_CLASS = YES_ERROR;
				CLANG_WARN_UNREACHABLE_CODE = YES;
				CLANG_WARN__DUPLICATE_METHOD_MATCH = YES;
				"CODE_SIGN_IDENTITY[sdk=iphoneos*]" = "iPhone Developer";
				COPY_PHASE_STRIP = NO;
				DEBUG_INFORMATION_FORMAT = "dwarf-with-dsym";
				ENABLE_NS_ASSERTIONS = NO;
				ENABLE_STRICT_OBJC_MSGSEND = YES;
				GCC_C_LANGUAGE_STANDARD = gnu99;
				GCC_NO_COMMON_BLOCKS = YES;
				GCC_WARN_64_TO_32_BIT_CONVERSION = YES;
				GCC_WARN_ABOUT_RETURN_TYPE = YES_ERROR;
				GCC_WARN_UNDECLARED_SELECTOR = YES;
				GCC_WARN_UNINITIALIZED_AUTOS = YES_AGGRESSIVE;
				GCC_WARN_UNUSED_FUNCTION = YES;
				GCC_WARN_UNUSED_VARIABLE = YES;
				IPHONEOS_DEPLOYMENT_TARGET = 9.0;
				MTL_ENABLE_DEBUG_INFO = NO;
				SDKROOT = iphoneos;
				VALIDATE_PRODUCT = YES;
			};
			name = Release;
		};
		8B2F775D1C81ACA500AF9020 /* Debug */ = {
			isa = XCBuildConfiguration;
			baseConfigurationReference = D01C203A9CEF8A32D2C3371F /* Pods-miauth.debug.xcconfig */;
			buildSettings = {
				ASSETCATALOG_COMPILER_APPICON_NAME = AppIcon;
				CODE_SIGN_ENTITLEMENTS = miauth/miauth.entitlements;
				CODE_SIGN_IDENTITY = "iPhone Developer";
				"CODE_SIGN_IDENTITY[sdk=iphoneos*]" = "iPhone Developer";
				ENABLE_BITCODE = NO;
				INFOPLIST_FILE = miauth/Info.plist;
				LD_RUNPATH_SEARCH_PATHS = "$(inherited) @executable_path/Frameworks";
				LIBRARY_SEARCH_PATHS = (
					"$(inherited)",
					"$(PROJECT_DIR)/Pods/Google/Libraries",
					"$(PROJECT_DIR)/Pods/GoogleAppUtilities/Libraries",
					"$(PROJECT_DIR)/Pods/GoogleAuthUtilities/Libraries",
					"$(PROJECT_DIR)/Pods/GoogleInterchangeUtilities/Libraries",
					"$(PROJECT_DIR)/Pods/GoogleNetworkingUtilities/Libraries",
					"$(PROJECT_DIR)/Pods/GoogleSignIn/Libraries",
					"$(PROJECT_DIR)/Pods/GoogleSymbolUtilities/Libraries",
					"$(PROJECT_DIR)/Pods/GoogleUtilities/Libraries",
					"$(PROJECT_DIR)/Pods/Sodium/Sodium",
				);
				PRODUCT_BUNDLE_IDENTIFIER = com.mipsoft.miauth;
				PRODUCT_NAME = "$(TARGET_NAME)";
				PROVISIONING_PROFILE = "";
				TARGETED_DEVICE_FAMILY = "1,2";
			};
			name = Debug;
		};
		8B2F775E1C81ACA500AF9020 /* Release */ = {
			isa = XCBuildConfiguration;
			baseConfigurationReference = BC0670FAA87C9D0CB679E577 /* Pods-miauth.release.xcconfig */;
			buildSettings = {
				ASSETCATALOG_COMPILER_APPICON_NAME = AppIcon;
				CODE_SIGN_ENTITLEMENTS = miauth/miauth.entitlements;
				CODE_SIGN_IDENTITY = "iPhone Developer";
				"CODE_SIGN_IDENTITY[sdk=iphoneos*]" = "iPhone Developer";
				ENABLE_BITCODE = NO;
				INFOPLIST_FILE = miauth/Info.plist;
				LD_RUNPATH_SEARCH_PATHS = "$(inherited) @executable_path/Frameworks";
				LIBRARY_SEARCH_PATHS = (
					"$(inherited)",
					"$(PROJECT_DIR)/Pods/Google/Libraries",
					"$(PROJECT_DIR)/Pods/GoogleAppUtilities/Libraries",
					"$(PROJECT_DIR)/Pods/GoogleAuthUtilities/Libraries",
					"$(PROJECT_DIR)/Pods/GoogleInterchangeUtilities/Libraries",
					"$(PROJECT_DIR)/Pods/GoogleNetworkingUtilities/Libraries",
					"$(PROJECT_DIR)/Pods/GoogleSignIn/Libraries",
					"$(PROJECT_DIR)/Pods/GoogleSymbolUtilities/Libraries",
					"$(PROJECT_DIR)/Pods/GoogleUtilities/Libraries",
					"$(PROJECT_DIR)/Pods/Sodium/Sodium",
				);
				PRODUCT_BUNDLE_IDENTIFIER = com.mipsoft.miauth;
				PRODUCT_NAME = "$(TARGET_NAME)";
				PROVISIONING_PROFILE = "";
				TARGETED_DEVICE_FAMILY = "1,2";
			};
			name = Release;
		};
		8B2F77601C81ACA500AF9020 /* Debug */ = {
			isa = XCBuildConfiguration;
			buildSettings = {
				BUNDLE_LOADER = "$(TEST_HOST)";
				INFOPLIST_FILE = miauthTests/Info.plist;
				LD_RUNPATH_SEARCH_PATHS = "$(inherited) @executable_path/Frameworks @loader_path/Frameworks";
				PRODUCT_BUNDLE_IDENTIFIER = com.mipsoft.miauthTests;
				PRODUCT_NAME = "$(TARGET_NAME)";
				TEST_HOST = "$(BUILT_PRODUCTS_DIR)/miauth.app/miauth";
			};
			name = Debug;
		};
		8B2F77611C81ACA500AF9020 /* Release */ = {
			isa = XCBuildConfiguration;
			buildSettings = {
				BUNDLE_LOADER = "$(TEST_HOST)";
				INFOPLIST_FILE = miauthTests/Info.plist;
				LD_RUNPATH_SEARCH_PATHS = "$(inherited) @executable_path/Frameworks @loader_path/Frameworks";
				PRODUCT_BUNDLE_IDENTIFIER = com.mipsoft.miauthTests;
				PRODUCT_NAME = "$(TARGET_NAME)";
				TEST_HOST = "$(BUILT_PRODUCTS_DIR)/miauth.app/miauth";
			};
			name = Release;
		};
/* End XCBuildConfiguration section */

/* Begin XCConfigurationList section */
		8B2F773A1C81ACA400AF9020 /* Build configuration list for PBXProject "miauth" */ = {
			isa = XCConfigurationList;
			buildConfigurations = (
				8B2F775A1C81ACA500AF9020 /* Debug */,
				8B2F775B1C81ACA500AF9020 /* Release */,
			);
			defaultConfigurationIsVisible = 0;
			defaultConfigurationName = Release;
		};
		8B2F775C1C81ACA500AF9020 /* Build configuration list for PBXNativeTarget "miAuth" */ = {
			isa = XCConfigurationList;
			buildConfigurations = (
				8B2F775D1C81ACA500AF9020 /* Debug */,
				8B2F775E1C81ACA500AF9020 /* Release */,
			);
			defaultConfigurationIsVisible = 0;
			defaultConfigurationName = Release;
		};
		8B2F775F1C81ACA500AF9020 /* Build configuration list for PBXNativeTarget "miAuthTests" */ = {
			isa = XCConfigurationList;
			buildConfigurations = (
				8B2F77601C81ACA500AF9020 /* Debug */,
				8B2F77611C81ACA500AF9020 /* Release */,
			);
			defaultConfigurationIsVisible = 0;
			defaultConfigurationName = Release;
		};
/* End XCConfigurationList section */
	};
	rootObject = 8B2F77371C81ACA400AF9020 /* Project object */;
}
